
Microsoft Visual Studio Solution File, Format Version 12.00
# Visual Studio Version 17
VisualStudioVersion = 17.14.36119.2
MinimumVisualStudioVersion = 10.0.40219.1
Project("{FAE04EC0-301F-11D3-BF4B-00C04F79EFBC}") = "EmpresaTransporte", "EmpresaTransporte\EmpresaTransporte.csproj", "{3173A11B-4206-44F9-B4A4-79BF90681BF6}"
EndProject
Global
	GlobalSection(SolutionConfigurationPlatforms) = preSolution
		Debug|Any CPU = Debug|Any CPU
		Release|Any CPU = Release|Any CPU
	EndGlobalSection
	GlobalSection(ProjectConfigurationPlatforms) = postSolution
		{3173A11B-4206-44F9-B4A4-79BF90681BF6}.Debug|Any CPU.ActiveCfg = Debug|Any CPU
		{3173A11B-4206-44F9-B4A4-79BF90681BF6}.Debug|Any CPU.Build.0 = Debug|Any CPU
		{3173A11B-4206-44F9-B4A4-79BF90681BF6}.Release|Any CPU.ActiveCfg = Release|Any CPU
		{3173A11B-4206-44F9-B4A4-79BF90681BF6}.Release|Any CPU.Build.0 = Release|Any CPU
	EndGlobalSection
	GlobalSection(SolutionProperties) = preSolution
		HideSolutionNode = FALSE
	EndGlobalSection
	GlobalSection(ExtensibilityGlobals) = postSolution
		SolutionGuid = {B7EE355B-AD7C-4D12-A299-B5853E39A657}
	EndGlobalSection
EndGlobal
